{
    "name": "jellyfish",
    "version": "0.0.3",
    "lockfileVersion": 2,
    "requires": true,
    "packages": {
        "": {
            "name": "jellyfish",
            "version": "0.0.3",
            "license": "Apache-2.0 License",
            "engines": {
                "vscode": "^1.31.0"
            }
        }
    }
}
